{
  "originHash" : "7bc5589fdbb6adf183a9c92586b9ca655003a6bf07a73604428809d7da53ac4f",
  "pins" : [
    {
      "identity" : "ansiterminal",
      "kind" : "remoteSourceControl",
      "location" : "https://github.com/pakLebah/ANSITerminal",
      "state" : {
        "revision" : "8e24fab68c660eca1244a95019ec69a11400d62b",
        "version" : "0.0.3"
      }
    },
    {
      "identity" : "rainbow",
      "kind" : "remoteSourceControl",
      "location" : "https://github.com/onevcat/Rainbow.git",
      "state" : {
        "revision" : "e0dada9cd44e3fa7ec3b867e49a8ddbf543e3df3",
        "version" : "4.0.1"
      }
    },
    {
      "identity" : "swift-argument-parser",
      "kind" : "remoteSourceControl",
      "location" : "https://github.com/apple/swift-argument-parser.git",
      "state" : {
        "revision" : "0fbc8848e389af3bb55c182bc19ca9d5dc2f255b",
        "version" : "1.4.0"
      }
    },
    {
      "identity" : "swift-syntax",
      "kind" : "remoteSourceControl",
      "location" : "https://github.com/apple/swift-syntax.git",
      "state" : {
        "revision" : "d9c1feb7e4f1f4fb4c04f8f855b42cb5a7da61ef",
        "version" : "600.0.0-prerelease-2024-05-28"
      }
    },
    {
      "identity" : "swift-system",
      "kind" : "remoteSourceControl",
      "location" : "https://github.com/apple/swift-system.git",
      "state" : {
        "revision" : "836bc4557b74fe6d2660218d56e3ce96aff76574",
        "version" : "1.1.1"
      }
    },
    {
      "identity" : "swift-testing",
      "kind" : "remoteSourceControl",
      "location" : "https://github.com/apple/swift-testing.git",
      "state" : {
        "branch" : "main",
        "revision" : "f9146c9d3c64442c9cc4c95c8f458b936a3aec6f"
      }
    },
    {
      "identity" : "swift-tools-support-core",
      "kind" : "remoteSourceControl",
      "location" : "https://github.com/apple/swift-tools-support-core.git",
      "state" : {
        "revision" : "284a41800b7c5565512ec6ae21ee818aac1f84ac",
        "version" : "0.4.0"
      }
    },
    {
      "identity" : "swiftprompt",
      "kind" : "remoteSourceControl",
      "location" : "https://github.com/CheekyGhost-Labs/SwiftPrompt.git",
      "state" : {
        "revision" : "e3484d9323a1f780ac53047efb5191261d36f5de",
        "version" : "1.0.0"
      }
    }
  ],
  "version" : 3
}
